// !$*UTF8*$!
{
	archiveVersion = 1;
	classes = {
	};
	objectVersion = 46;
	objects = {

/* Begin PBXBuildFile section */
		86B841F2153BB56E00C3425C /* UIKit.framework in Frameworks */ = {isa = PBXBuildFile; fileRef = 86B841F1153BB56E00C3425C /* UIKit.framework */; };
		86B841F4153BB56E00C3425C /* Foundation.framework in Frameworks */ = {isa = PBXBuildFile; fileRef = 86B841F3153BB56E00C3425C /* Foundation.framework */; };
		86B841F6153BB56E00C3425C /* CoreGraphics.framework in Frameworks */ = {isa = PBXBuildFile; fileRef = 86B841F5153BB56E00C3425C /* CoreGraphics.framework */; };
		86B841FC153BB56E00C3425C /* InfoPlist.strings in Resources */ = {isa = PBXBuildFile; fileRef = 86B841FA153BB56E00C3425C /* InfoPlist.strings */; };
		86B841FF153BB56E00C3425C /* main.m in Sources */ = {isa = PBXBuildFile; fileRef = 86B841FE153BB56E00C3425C /* main.m */; };
		86B84202153BB56E00C3425C /* TiledScrollViewDebugAppDelegate.m in Sources */ = {isa = PBXBuildFile; fileRef = 86B84201153BB56E00C3425C /* TiledScrollViewDebugAppDelegate.m */; };
		86B84205153BB56E00C3425C /* MainWindow.xib in Resources */ = {isa = PBXBuildFile; fileRef = 86B84203153BB56E00C3425C /* MainWindow.xib */; };
/* End PBXBuildFile section */

/* Begin PBXFileReference section */
		86B841ED153BB56E00C3425C /* TiledScrollViewDebug.app */ = {isa = PBXFileReference; explicitFileType = wrapper.application; includeInIndex = 0; path = TiledScrollViewDebug.app; sourceTree = BUILT_PRODUCTS_DIR; };
		86B841F1153BB56E00C3425C /* UIKit.framework */ = {isa = PBXFileReference; lastKnownFileType = wrapper.framework; name = UIKit.framework; path = System/Library/Frameworks/UIKit.framework; sourceTree = SDKROOT; };
		86B841F3153BB56E00C3425C /* Foundation.framework */ = {isa = PBXFileReference; lastKnownFileType = wrapper.framework; name = Foundation.framework; path = System/Library/Frameworks/Foundation.framework; sourceTree = SDKROOT; };
		86B841F5153BB56E00C3425C /* CoreGraphics.framework */ = {isa = PBXFileReference; lastKnownFileType = wrapper.framework; name = CoreGraphics.framework; path = System/Library/Frameworks/CoreGraphics.framework; sourceTree = SDKROOT; };
		86B841F9153BB56E00C3425C /* TiledScrollViewDebug-Info.plist */ = {isa = PBXFileReference; path = "TiledScrollViewDebug-Info.plist"; sourceTree = "<group>"; };
		86B841FB153BB56E00C3425C /* en */ = {isa = PBXFileReference; lastKnownFileType = text.plist.strings; name = en; path = en.lproj/InfoPlist.strings; sourceTree = "<group>"; };
		86B841FD153BB56E00C3425C /* TiledScrollViewDebug-Prefix.pch */ = {isa = PBXFileReference; path = "TiledScrollViewDebug-Prefix.pch"; sourceTree = "<group>"; };
		86B841FE153BB56E00C3425C /* main.m */ = {isa = PBXFileReference; lastKnownFileType = sourcecode.c.objc; path = main.m; sourceTree = "<group>"; };
		86B84200153BB56E00C3425C /* TiledScrollViewDebugAppDelegate.h */ = {isa = PBXFileReference; path = TiledScrollViewDebugAppDelegate.h; sourceTree = "<group>"; };
		86B84201153BB56E00C3425C /* TiledScrollViewDebugAppDelegate.m */ = {isa = PBXFileReference; lastKnownFileType = sourcecode.c.objc; path = TiledScrollViewDebugAppDelegate.m; sourceTree = "<group>"; };
		86B84204153BB56E00C3425C /* en */ = {isa = PBXFileReference; lastKnownFileType = file.xib; name = en; path = en.lproj/MainWindow.xib; sourceTree = "<group>"; };
/* End PBXFileReference section */

/* Begin PBXFrameworksBuildPhase section */
		86B841EA153BB56E00C3425C /* Frameworks */ = {
			isa = PBXFrameworksBuildPhase;
			buildActionMask = 2147483647;
			files = (
				86B841F2153BB56E00C3425C /* UIKit.framework in Frameworks */,
				86B841F4153BB56E00C3425C /* Foundation.framework in Frameworks */,
				86B841F6153BB56E00C3425C /* CoreGraphics.framework in Frameworks */,
			);
			runOnlyForDeploymentPostprocessing = 0;
		};
/* End PBXFrameworksBuildPhase section */

/* Begin PBXGroup section */
		86B841E2153BB56E00C3425C = {
			isa = PBXGroup;
			children = (
				86B841F7153BB56E00C3425C /* TiledScrollViewDebug */,
				86B841F0153BB56E00C3425C /* Frameworks */,
				86B841EE153BB56E00C3425C /* Products */,
			);
			sourceTree = "<group>";
		};
		86B841EE153BB56E00C3425C /* Products */ = {
			isa = PBXGroup;
			children = (
				86B841ED153BB56E00C3425C /* TiledScrollViewDebug.app */,
			);
			name = Products;
			sourceTree = "<group>";
		};
		86B841F0153BB56E00C3425C /* Frameworks */ = {
			isa = PBXGroup;
			children = (
				86B841F1153BB56E00C3425C /* UIKit.framework */,
				86B841F3153BB56E00C3425C /* Foundation.framework */,
				86B841F5153BB56E00C3425C /* CoreGraphics.framework */,
			);
			name = Frameworks;
			sourceTree = "<group>";
		};
		86B841F7153BB56E00C3425C /* TiledScrollViewDebug */ = {
			isa = PBXGroup;
			children = (
				86B84200153BB56E00C3425C /* TiledScrollViewDebugAppDelegate.h */,
				86B84201153BB56E00C3425C /* TiledScrollViewDebugAppDelegate.m */,
				86B84203153BB56E00C3425C /* MainWindow.xib */,
				86B841F8153BB56E00C3425C /* Supporting Files */,
			);
			path = TiledScrollViewDebug;
			sourceTree = "<group>";
		};
		86B841F8153BB56E00C3425C /* Supporting Files */ = {
			isa = PBXGroup;
			children = (
				86B841F9153BB56E00C3425C /* TiledScrollViewDebug-Info.plist */,
				86B841FA153BB56E00C3425C /* InfoPlist.strings */,
				86B841FD153BB56E00C3425C /* TiledScrollViewDebug-Prefix.pch */,
				86B841FE153BB56E00C3425C /* main.m */,
			);
			name = "Supporting Files";
			sourceTree = "<group>";
		};
/* End PBXGroup section */

/* Begin PBXNativeTarget section */
		86B841EC153BB56E00C3425C /* TiledScrollViewDebug */ = {
			isa = PBXNativeTarget;
			buildConfigurationList = 86B84208153BB56E00C3425C /* Build configuration list for PBXNativeTarget "TiledScrollViewDebug" */;
			buildPhases = (
				86B841E9153BB56E00C3425C /* Sources */,
				86B841EA153BB56E00C3425C /* Frameworks */,
				86B841EB153BB56E00C3425C /* Resources */,
			);
			buildRules = (
			);
			dependencies = (
			);
			name = TiledScrollViewDebug;
			productName = TiledScrollViewDebug;
			productReference = 86B841ED153BB56E00C3425C /* TiledScrollViewDebug.app */;
			productType = "com.apple.product-type.application";
		};
/* End PBXNativeTarget section */

/* Begin PBXProject section */
		86B841E4153BB56E00C3425C /* Project object */ = {
			isa = PBXProject;
			buildConfigurationList = 86B841E7153BB56E00C3425C /* Build configuration list for PBXProject "TiledScrollViewDebug" */;
			compatibilityVersion = "Xcode 3.2";
			developmentRegion = English;
			hasScannedForEncodings = 0;
			knownRegions = (
				en,
			);
			mainGroup = 86B841E2153BB56E00C3425C;
			productRefGroup = 86B841EE153BB56E00C3425C /* Products */;
			projectDirPath = "";
			projectRoot = "";
			targets = (
				86B841EC153BB56E00C3425C /* TiledScrollViewDebug */,
			);
		};
/* End PBXProject section */

/* Begin PBXResourcesBuildPhase section */
		86B841EB153BB56E00C3425C /* Resources */ = {
			isa = PBXResourcesBuildPhase;
			buildActionMask = 2147483647;
			files = (
				86B841FC153BB56E00C3425C /* InfoPlist.strings in Resources */,
				86B84205153BB56E00C3425C /* MainWindow.xib in Resources */,
			);
			runOnlyForDeploymentPostprocessing = 0;
		};
/* End PBXResourcesBuildPhase section */

/* Begin PBXSourcesBuildPhase section */
		86B841E9153BB56E00C3425C /* Sources */ = {
			isa = PBXSourcesBuildPhase;
			buildActionMask = 2147483647;
			files = (
				86B841FF153BB56E00C3425C /* main.m in Sources */,
				86B84202153BB56E00C3425C /* TiledScrollViewDebugAppDelegate.m in Sources */,
			);
			runOnlyForDeploymentPostprocessing = 0;
		};
/* End PBXSourcesBuildPhase section */

/* Begin PBXVariantGroup section */
		86B841FA153BB56E00C3425C /* InfoPlist.strings */ = {
			isa = PBXVariantGroup;
			children = (
				86B841FB153BB56E00C3425C /* en */,
			);
			name = InfoPlist.strings;
			sourceTree = "<group>";
		};
		86B84203153BB56E00C3425C /* MainWindow.xib */ = {
			isa = PBXVariantGroup;
			children = (
				86B84204153BB56E00C3425C /* en */,
			);
			name = MainWindow.xib;
			sourceTree = "<group>";
		};
/* End PBXVariantGroup section */

/* Begin XCBuildConfiguration section */
		86B84206153BB56E00C3425C /* Debug */ = {
			isa = XCBuildConfiguration;
			buildSettings = {
				ARCHS = "$(ARCHS_STANDARD_32_BIT)";
				"CODE_SIGN_IDENTITY[sdk=iphoneos*]" = "iPhone Developer";
				GCC_C_LANGUAGE_STANDARD = gnu99;
				GCC_OPTIMIZATION_LEVEL = 0;
				GCC_PREPROCESSOR_DEFINITIONS = DEBUG;
				GCC_SYMBOLS_PRIVATE_EXTERN = NO;
				GCC_VERSION = com.apple.compilers.llvmgcc42;
				GCC_WARN_ABOUT_RETURN_TYPE = YES;
				GCC_WARN_UNUSED_VARIABLE = YES;
				IPHONEOS_DEPLOYMENT_TARGET = 4.3;
				SDKROOT = iphoneos;
			};
			name = Debug;
		};
		86B84207153BB56E00C3425C /* Release */ = {
			isa = XCBuildConfiguration;
			buildSettings = {
				ARCHS = "$(ARCHS_STANDARD_32_BIT)";
				"CODE_SIGN_IDENTITY[sdk=iphoneos*]" = "iPhone Developer";
				GCC_C_LANGUAGE_STANDARD = gnu99;
				GCC_VERSION = com.apple.compilers.llvmgcc42;
				GCC_WARN_ABOUT_RETURN_TYPE = YES;
				GCC_WARN_UNUSED_VARIABLE = YES;
				IPHONEOS_DEPLOYMENT_TARGET = 4.3;
				OTHER_CFLAGS = "-DNS_BLOCK_ASSERTIONS=1";
				SDKROOT = iphoneos;
			};
			name = Release;
		};
		86B84209153BB56E00C3425C /* Debug */ = {
			isa = XCBuildConfiguration;
			buildSettings = {
				ALWAYS_SEARCH_USER_PATHS = NO;
				COPY_PHASE_STRIP = NO;
				GCC_DYNAMIC_NO_PIC = NO;
				GCC_PRECOMPILE_PREFIX_HEADER = YES;
				GCC_PREFIX_HEADER = "TiledScrollViewDebug/TiledScrollViewDebug-Prefix.pch";
				INFOPLIST_FILE = "TiledScrollViewDebug/TiledScrollViewDebug-Info.plist";
				PRODUCT_NAME = "$(TARGET_NAME)";
				WRAPPER_EXTENSION = app;
			};
			name = Debug;
		};
		86B8420A153BB56E00C3425C /* Release */ = {
			isa = XCBuildConfiguration;
			buildSettings = {
				ALWAYS_SEARCH_USER_PATHS = NO;
				COPY_PHASE_STRIP = YES;
				GCC_PRECOMPILE_PREFIX_HEADER = YES;
				GCC_PREFIX_HEADER = "TiledScrollViewDebug/TiledScrollViewDebug-Prefix.pch";
				INFOPLIST_FILE = "TiledScrollViewDebug/TiledScrollViewDebug-Info.plist";
				PRODUCT_NAME = "$(TARGET_NAME)";
				VALIDATE_PRODUCT = YES;
				WRAPPER_EXTENSION = app;
			};
			name = Release;
		};
/* End XCBuildConfiguration section */

/* Begin XCConfigurationList section */
		86B841E7153BB56E00C3425C /* Build configuration list for PBXProject "TiledScrollViewDebug" */ = {
			isa = XCConfigurationList;
			buildConfigurations = (
				86B84206153BB56E00C3425C /* Debug */,
				86B84207153BB56E00C3425C /* Release */,
			);
			defaultConfigurationIsVisible = 0;
			defaultConfigurationName = Release;
		};
		86B84208153BB56E00C3425C /* Build configuration list for PBXNativeTarget "TiledScrollViewDebug" */ = {
			isa = XCConfigurationList;
			buildConfigurations = (
				86B84209153BB56E00C3425C /* Debug */,
				86B8420A153BB56E00C3425C /* Release */,
			);
			defaultConfigurationIsVisible = 0;
		};
/* End XCConfigurationList section */
	};
	rootObject = 86B841E4153BB56E00C3425C /* Project object */;
}
